
Microsoft Visual Studio Solution File, Format Version 12.00
# Visual Studio 15
VisualStudioVersion = 15.0.26124.0
MinimumVisualStudioVersion = 15.0.26124.0
Project("{FAE04EC0-301F-11D3-BF4B-00C04F79EFBC}") = "Demo.API", "Demo.API\Demo.API.csproj", "{38A7E1F6-FA57-4655-91BE-617FD0FF8EB4}"
EndProject
Project("{FAE04EC0-301F-11D3-BF4B-00C04F79EFBC}") = "Demo.Business", "Demo.Business\Demo.Business.csproj", "{3EA9D890-551C-4D76-87D1-01ED88937C24}"
EndProject
Project("{FAE04EC0-301F-11D3-BF4B-00C04F79EFBC}") = "Demo.DAL", "Demo.DAL\Demo.DAL.csproj", "{70052BA6-2213-4B4B-9EAB-B1B445DC7568}"
EndProject
Project("{FAE04EC0-301F-11D3-BF4B-00C04F79EFBC}") = "Demo.Model", "Demo.Model\Demo.Model.csproj", "{44CE9373-ED00-4EAB-AA47-C12D4C8670E2}"
EndProject
Project("{FAE04EC0-301F-11D3-BF4B-00C04F79EFBC}") = "Demo.APIModel", "Demo.APIModel\Demo.APIModel.csproj", "{740796AA-5196-4EDB-8145-87226B224964}"
EndProject
Project("{FAE04EC0-301F-11D3-BF4B-00C04F79EFBC}") = "Demo.Test", "Demo.Test\Demo.Test.csproj", "{6C3B1FEA-589F-4E6B-9328-970302ABB41A}"
EndProject
Project("{FAE04EC0-301F-11D3-BF4B-00C04F79EFBC}") = "Demo.Common", "Demo.Common\Demo.Common.csproj", "{0DFD832E-D7C7-48A6-A9FC-F9EBC0AFED46}"
EndProject
Project("{FAE04EC0-301F-11D3-BF4B-00C04F79EFBC}") = "Migrations", "Migrations\Migrations.csproj", "{A09C0ED9-A649-4E9F-AB6E-D472769D51E9}"
EndProject
Global
	GlobalSection(SolutionConfigurationPlatforms) = preSolution
		Debug|Any CPU = Debug|Any CPU
		Debug|x64 = Debug|x64
		Debug|x86 = Debug|x86
		Release|Any CPU = Release|Any CPU
		Release|x64 = Release|x64
		Release|x86 = Release|x86
	EndGlobalSection
	GlobalSection(SolutionProperties) = preSolution
		HideSolutionNode = FALSE
	EndGlobalSection
	GlobalSection(ProjectConfigurationPlatforms) = postSolution
		{38A7E1F6-FA57-4655-91BE-617FD0FF8EB4}.Debug|Any CPU.ActiveCfg = Debug|Any CPU
		{38A7E1F6-FA57-4655-91BE-617FD0FF8EB4}.Debug|Any CPU.Build.0 = Debug|Any CPU
		{38A7E1F6-FA57-4655-91BE-617FD0FF8EB4}.Debug|x64.ActiveCfg = Debug|Any CPU
		{38A7E1F6-FA57-4655-91BE-617FD0FF8EB4}.Debug|x64.Build.0 = Debug|Any CPU
		{38A7E1F6-FA57-4655-91BE-617FD0FF8EB4}.Debug|x86.ActiveCfg = Debug|Any CPU
		{38A7E1F6-FA57-4655-91BE-617FD0FF8EB4}.Debug|x86.Build.0 = Debug|Any CPU
		{38A7E1F6-FA57-4655-91BE-617FD0FF8EB4}.Release|Any CPU.ActiveCfg = Release|Any CPU
		{38A7E1F6-FA57-4655-91BE-617FD0FF8EB4}.Release|Any CPU.Build.0 = Release|Any CPU
		{38A7E1F6-FA57-4655-91BE-617FD0FF8EB4}.Release|x64.ActiveCfg = Release|Any CPU
		{38A7E1F6-FA57-4655-91BE-617FD0FF8EB4}.Release|x64.Build.0 = Release|Any CPU
		{38A7E1F6-FA57-4655-91BE-617FD0FF8EB4}.Release|x86.ActiveCfg = Release|Any CPU
		{38A7E1F6-FA57-4655-91BE-617FD0FF8EB4}.Release|x86.Build.0 = Release|Any CPU
		{3EA9D890-551C-4D76-87D1-01ED88937C24}.Debug|Any CPU.ActiveCfg = Debug|Any CPU
		{3EA9D890-551C-4D76-87D1-01ED88937C24}.Debug|Any CPU.Build.0 = Debug|Any CPU
		{3EA9D890-551C-4D76-87D1-01ED88937C24}.Debug|x64.ActiveCfg = Debug|Any CPU
		{3EA9D890-551C-4D76-87D1-01ED88937C24}.Debug|x64.Build.0 = Debug|Any CPU
		{3EA9D890-551C-4D76-87D1-01ED88937C24}.Debug|x86.ActiveCfg = Debug|Any CPU
		{3EA9D890-551C-4D76-87D1-01ED88937C24}.Debug|x86.Build.0 = Debug|Any CPU
		{3EA9D890-551C-4D76-87D1-01ED88937C24}.Release|Any CPU.ActiveCfg = Release|Any CPU
		{3EA9D890-551C-4D76-87D1-01ED88937C24}.Release|Any CPU.Build.0 = Release|Any CPU
		{3EA9D890-551C-4D76-87D1-01ED88937C24}.Release|x64.ActiveCfg = Release|Any CPU
		{3EA9D890-551C-4D76-87D1-01ED88937C24}.Release|x64.Build.0 = Release|Any CPU
		{3EA9D890-551C-4D76-87D1-01ED88937C24}.Release|x86.ActiveCfg = Release|Any CPU
		{3EA9D890-551C-4D76-87D1-01ED88937C24}.Release|x86.Build.0 = Release|Any CPU
		{70052BA6-2213-4B4B-9EAB-B1B445DC7568}.Debug|Any CPU.ActiveCfg = Debug|Any CPU
		{70052BA6-2213-4B4B-9EAB-B1B445DC7568}.Debug|Any CPU.Build.0 = Debug|Any CPU
		{70052BA6-2213-4B4B-9EAB-B1B445DC7568}.Debug|x64.ActiveCfg = Debug|Any CPU
		{70052BA6-2213-4B4B-9EAB-B1B445DC7568}.Debug|x64.Build.0 = Debug|Any CPU
		{70052BA6-2213-4B4B-9EAB-B1B445DC7568}.Debug|x86.ActiveCfg = Debug|Any CPU
		{70052BA6-2213-4B4B-9EAB-B1B445DC7568}.Debug|x86.Build.0 = Debug|Any CPU
		{70052BA6-2213-4B4B-9EAB-B1B445DC7568}.Release|Any CPU.ActiveCfg = Release|Any CPU
		{70052BA6-2213-4B4B-9EAB-B1B445DC7568}.Release|Any CPU.Build.0 = Release|Any CPU
		{70052BA6-2213-4B4B-9EAB-B1B445DC7568}.Release|x64.ActiveCfg = Release|Any CPU
		{70052BA6-2213-4B4B-9EAB-B1B445DC7568}.Release|x64.Build.0 = Release|Any CPU
		{70052BA6-2213-4B4B-9EAB-B1B445DC7568}.Release|x86.ActiveCfg = Release|Any CPU
		{70052BA6-2213-4B4B-9EAB-B1B445DC7568}.Release|x86.Build.0 = Release|Any CPU
		{44CE9373-ED00-4EAB-AA47-C12D4C8670E2}.Debug|Any CPU.ActiveCfg = Debug|Any CPU
		{44CE9373-ED00-4EAB-AA47-C12D4C8670E2}.Debug|Any CPU.Build.0 = Debug|Any CPU
		{44CE9373-ED00-4EAB-AA47-C12D4C8670E2}.Debug|x64.ActiveCfg = Debug|Any CPU
		{44CE9373-ED00-4EAB-AA47-C12D4C8670E2}.Debug|x64.Build.0 = Debug|Any CPU
		{44CE9373-ED00-4EAB-AA47-C12D4C8670E2}.Debug|x86.ActiveCfg = Debug|Any CPU
		{44CE9373-ED00-4EAB-AA47-C12D4C8670E2}.Debug|x86.Build.0 = Debug|Any CPU
		{44CE9373-ED00-4EAB-AA47-C12D4C8670E2}.Release|Any CPU.ActiveCfg = Release|Any CPU
		{44CE9373-ED00-4EAB-AA47-C12D4C8670E2}.Release|Any CPU.Build.0 = Release|Any CPU
		{44CE9373-ED00-4EAB-AA47-C12D4C8670E2}.Release|x64.ActiveCfg = Release|Any CPU
		{44CE9373-ED00-4EAB-AA47-C12D4C8670E2}.Release|x64.Build.0 = Release|Any CPU
		{44CE9373-ED00-4EAB-AA47-C12D4C8670E2}.Release|x86.ActiveCfg = Release|Any CPU
		{44CE9373-ED00-4EAB-AA47-C12D4C8670E2}.Release|x86.Build.0 = Release|Any CPU
		{740796AA-5196-4EDB-8145-87226B224964}.Debug|Any CPU.ActiveCfg = Debug|Any CPU
		{740796AA-5196-4EDB-8145-87226B224964}.Debug|Any CPU.Build.0 = Debug|Any CPU
		{740796AA-5196-4EDB-8145-87226B224964}.Debug|x64.ActiveCfg = Debug|Any CPU
		{740796AA-5196-4EDB-8145-87226B224964}.Debug|x64.Build.0 = Debug|Any CPU
		{740796AA-5196-4EDB-8145-87226B224964}.Debug|x86.ActiveCfg = Debug|Any CPU
		{740796AA-5196-4EDB-8145-87226B224964}.Debug|x86.Build.0 = Debug|Any CPU
		{740796AA-5196-4EDB-8145-87226B224964}.Release|Any CPU.ActiveCfg = Release|Any CPU
		{740796AA-5196-4EDB-8145-87226B224964}.Release|Any CPU.Build.0 = Release|Any CPU
		{740796AA-5196-4EDB-8145-87226B224964}.Release|x64.ActiveCfg = Release|Any CPU
		{740796AA-5196-4EDB-8145-87226B224964}.Release|x64.Build.0 = Release|Any CPU
		{740796AA-5196-4EDB-8145-87226B224964}.Release|x86.ActiveCfg = Release|Any CPU
		{740796AA-5196-4EDB-8145-87226B224964}.Release|x86.Build.0 = Release|Any CPU
		{6C3B1FEA-589F-4E6B-9328-970302ABB41A}.Debug|Any CPU.ActiveCfg = Debug|Any CPU
		{6C3B1FEA-589F-4E6B-9328-970302ABB41A}.Debug|Any CPU.Build.0 = Debug|Any CPU
		{6C3B1FEA-589F-4E6B-9328-970302ABB41A}.Debug|x64.ActiveCfg = Debug|Any CPU
		{6C3B1FEA-589F-4E6B-9328-970302ABB41A}.Debug|x64.Build.0 = Debug|Any CPU
		{6C3B1FEA-589F-4E6B-9328-970302ABB41A}.Debug|x86.ActiveCfg = Debug|Any CPU
		{6C3B1FEA-589F-4E6B-9328-970302ABB41A}.Debug|x86.Build.0 = Debug|Any CPU
		{6C3B1FEA-589F-4E6B-9328-970302ABB41A}.Release|Any CPU.ActiveCfg = Release|Any CPU
		{6C3B1FEA-589F-4E6B-9328-970302ABB41A}.Release|Any CPU.Build.0 = Release|Any CPU
		{6C3B1FEA-589F-4E6B-9328-970302ABB41A}.Release|x64.ActiveCfg = Release|Any CPU
		{6C3B1FEA-589F-4E6B-9328-970302ABB41A}.Release|x64.Build.0 = Release|Any CPU
		{6C3B1FEA-589F-4E6B-9328-970302ABB41A}.Release|x86.ActiveCfg = Release|Any CPU
		{6C3B1FEA-589F-4E6B-9328-970302ABB41A}.Release|x86.Build.0 = Release|Any CPU
		{E216AF76-8F54-4BA1-A2F7-86C99937EECE}.Debug|Any CPU.ActiveCfg = Debug|Any CPU
		{E216AF76-8F54-4BA1-A2F7-86C99937EECE}.Debug|Any CPU.Build.0 = Debug|Any CPU
		{E216AF76-8F54-4BA1-A2F7-86C99937EECE}.Debug|x64.ActiveCfg = Debug|Any CPU
		{E216AF76-8F54-4BA1-A2F7-86C99937EECE}.Debug|x64.Build.0 = Debug|Any CPU
		{E216AF76-8F54-4BA1-A2F7-86C99937EECE}.Debug|x86.ActiveCfg = Debug|Any CPU
		{E216AF76-8F54-4BA1-A2F7-86C99937EECE}.Debug|x86.Build.0 = Debug|Any CPU
		{E216AF76-8F54-4BA1-A2F7-86C99937EECE}.Release|Any CPU.ActiveCfg = Release|Any CPU
		{E216AF76-8F54-4BA1-A2F7-86C99937EECE}.Release|Any CPU.Build.0 = Release|Any CPU
		{E216AF76-8F54-4BA1-A2F7-86C99937EECE}.Release|x64.ActiveCfg = Release|Any CPU
		{E216AF76-8F54-4BA1-A2F7-86C99937EECE}.Release|x64.Build.0 = Release|Any CPU
		{E216AF76-8F54-4BA1-A2F7-86C99937EECE}.Release|x86.ActiveCfg = Release|Any CPU
		{E216AF76-8F54-4BA1-A2F7-86C99937EECE}.Release|x86.Build.0 = Release|Any CPU
		{0DFD832E-D7C7-48A6-A9FC-F9EBC0AFED46}.Debug|Any CPU.ActiveCfg = Debug|Any CPU
		{0DFD832E-D7C7-48A6-A9FC-F9EBC0AFED46}.Debug|Any CPU.Build.0 = Debug|Any CPU
		{0DFD832E-D7C7-48A6-A9FC-F9EBC0AFED46}.Debug|x64.ActiveCfg = Debug|Any CPU
		{0DFD832E-D7C7-48A6-A9FC-F9EBC0AFED46}.Debug|x64.Build.0 = Debug|Any CPU
		{0DFD832E-D7C7-48A6-A9FC-F9EBC0AFED46}.Debug|x86.ActiveCfg = Debug|Any CPU
		{0DFD832E-D7C7-48A6-A9FC-F9EBC0AFED46}.Debug|x86.Build.0 = Debug|Any CPU
		{0DFD832E-D7C7-48A6-A9FC-F9EBC0AFED46}.Release|Any CPU.ActiveCfg = Release|Any CPU
		{0DFD832E-D7C7-48A6-A9FC-F9EBC0AFED46}.Release|Any CPU.Build.0 = Release|Any CPU
		{0DFD832E-D7C7-48A6-A9FC-F9EBC0AFED46}.Release|x64.ActiveCfg = Release|Any CPU
		{0DFD832E-D7C7-48A6-A9FC-F9EBC0AFED46}.Release|x64.Build.0 = Release|Any CPU
		{0DFD832E-D7C7-48A6-A9FC-F9EBC0AFED46}.Release|x86.ActiveCfg = Release|Any CPU
		{0DFD832E-D7C7-48A6-A9FC-F9EBC0AFED46}.Release|x86.Build.0 = Release|Any CPU
		{A09C0ED9-A649-4E9F-AB6E-D472769D51E9}.Debug|Any CPU.ActiveCfg = Debug|Any CPU
		{A09C0ED9-A649-4E9F-AB6E-D472769D51E9}.Debug|Any CPU.Build.0 = Debug|Any CPU
		{A09C0ED9-A649-4E9F-AB6E-D472769D51E9}.Debug|x64.ActiveCfg = Debug|Any CPU
		{A09C0ED9-A649-4E9F-AB6E-D472769D51E9}.Debug|x64.Build.0 = Debug|Any CPU
		{A09C0ED9-A649-4E9F-AB6E-D472769D51E9}.Debug|x86.ActiveCfg = Debug|Any CPU
		{A09C0ED9-A649-4E9F-AB6E-D472769D51E9}.Debug|x86.Build.0 = Debug|Any CPU
		{A09C0ED9-A649-4E9F-AB6E-D472769D51E9}.Release|Any CPU.ActiveCfg = Release|Any CPU
		{A09C0ED9-A649-4E9F-AB6E-D472769D51E9}.Release|Any CPU.Build.0 = Release|Any CPU
		{A09C0ED9-A649-4E9F-AB6E-D472769D51E9}.Release|x64.ActiveCfg = Release|Any CPU
		{A09C0ED9-A649-4E9F-AB6E-D472769D51E9}.Release|x64.Build.0 = Release|Any CPU
		{A09C0ED9-A649-4E9F-AB6E-D472769D51E9}.Release|x86.ActiveCfg = Release|Any CPU
		{A09C0ED9-A649-4E9F-AB6E-D472769D51E9}.Release|x86.Build.0 = Release|Any CPU
	EndGlobalSection
EndGlobal
